{
  "name": "bruno",
  "version": "1.0.0",
  "lockfileVersion": 3,
  "requires": true,
  "packages": {
    "": {
      "name": "bruno",
      "version": "1.0.0",
      "license": "ISC",
      "dependencies": {
        "exiftool": "^0.0.3"
      },
      "devDependencies": {}
    },
    "node_modules/exiftool": {
      "version": "0.0.3",
      "resolved": "https://registry.npmjs.org/exiftool/-/exiftool-0.0.3.tgz",
      "integrity": "sha512-7xq/yI+ESuZEApWOTxp7bJ12XRjt+3LDqkCBLBkfrYDF3hQE65Lid/U2xYf7iCZ2LUBRWqsix1fXEfGvn9oTGw=="
    }
  }
}
